
Microsoft Visual Studio Solution File, Format Version 12.00
# Visual Studio 15
VisualStudioVersion = 15.0.27703.2035
MinimumVisualStudioVersion = 10.0.40219.1
Project("{FAE04EC0-301F-11D3-BF4B-00C04F79EFBC}") = "XamarinFormsDemo.Android", "XamarinFormsDemo\XamarinFormsDemo.Android\XamarinFormsDemo.Android.csproj", "{803CB8F1-754C-4AD3-A0FC-2D58F51A8BDC}"
EndProject
Project("{FAE04EC0-301F-11D3-BF4B-00C04F79EFBC}") = "XamarinFormsDemo.iOS", "XamarinFormsDemo\XamarinFormsDemo.iOS\XamarinFormsDemo.iOS.csproj", "{8E3FCEE3-D982-4EE5-992D-716FF606B3B1}"
EndProject
Project("{FAE04EC0-301F-11D3-BF4B-00C04F79EFBC}") = "XamarinFormsDemo.UWP", "XamarinFormsDemo\XamarinFormsDemo.UWP\XamarinFormsDemo.UWP.csproj", "{D9334158-93E1-4D7A-A80D-9807035BD6B9}"
EndProject
Project("{FAE04EC0-301F-11D3-BF4B-00C04F79EFBC}") = "XamarinFormsDemo", "XamarinFormsDemo\XamarinFormsDemo\XamarinFormsDemo.csproj", "{E9E4A838-86D6-468C-B2E4-94F933B75D51}"
EndProject
Global
	GlobalSection(SolutionConfigurationPlatforms) = preSolution
		Ad-Hoc|Any CPU = Ad-Hoc|Any CPU
		Ad-Hoc|ARM = Ad-Hoc|ARM
		Ad-Hoc|iPhone = Ad-Hoc|iPhone
		Ad-Hoc|iPhoneSimulator = Ad-Hoc|iPhoneSimulator
		Ad-Hoc|x64 = Ad-Hoc|x64
		Ad-Hoc|x86 = Ad-Hoc|x86
		AppStore|Any CPU = AppStore|Any CPU
		AppStore|ARM = AppStore|ARM
		AppStore|iPhone = AppStore|iPhone
		AppStore|iPhoneSimulator = AppStore|iPhoneSimulator
		AppStore|x64 = AppStore|x64
		AppStore|x86 = AppStore|x86
		Debug|Any CPU = Debug|Any CPU
		Debug|ARM = Debug|ARM
		Debug|iPhone = Debug|iPhone
		Debug|iPhoneSimulator = Debug|iPhoneSimulator
		Debug|x64 = Debug|x64
		Debug|x86 = Debug|x86
		Release|Any CPU = Release|Any CPU
		Release|ARM = Release|ARM
		Release|iPhone = Release|iPhone
		Release|iPhoneSimulator = Release|iPhoneSimulator
		Release|x64 = Release|x64
		Release|x86 = Release|x86
	EndGlobalSection
	GlobalSection(ProjectConfigurationPlatforms) = postSolution
		{803CB8F1-754C-4AD3-A0FC-2D58F51A8BDC}.Ad-Hoc|Any CPU.ActiveCfg = Release|Any CPU
		{803CB8F1-754C-4AD3-A0FC-2D58F51A8BDC}.Ad-Hoc|Any CPU.Build.0 = Release|Any CPU
		{803CB8F1-754C-4AD3-A0FC-2D58F51A8BDC}.Ad-Hoc|Any CPU.Deploy.0 = Release|Any CPU
		{803CB8F1-754C-4AD3-A0FC-2D58F51A8BDC}.Ad-Hoc|ARM.ActiveCfg = Release|Any CPU
		{803CB8F1-754C-4AD3-A0FC-2D58F51A8BDC}.Ad-Hoc|ARM.Build.0 = Release|Any CPU
		{803CB8F1-754C-4AD3-A0FC-2D58F51A8BDC}.Ad-Hoc|ARM.Deploy.0 = Release|Any CPU
		{803CB8F1-754C-4AD3-A0FC-2D58F51A8BDC}.Ad-Hoc|iPhone.ActiveCfg = Release|Any CPU
		{803CB8F1-754C-4AD3-A0FC-2D58F51A8BDC}.Ad-Hoc|iPhone.Build.0 = Release|Any CPU
		{803CB8F1-754C-4AD3-A0FC-2D58F51A8BDC}.Ad-Hoc|iPhone.Deploy.0 = Release|Any CPU
		{803CB8F1-754C-4AD3-A0FC-2D58F51A8BDC}.Ad-Hoc|iPhoneSimulator.ActiveCfg = Release|Any CPU
		{803CB8F1-754C-4AD3-A0FC-2D58F51A8BDC}.Ad-Hoc|iPhoneSimulator.Build.0 = Release|Any CPU
		{803CB8F1-754C-4AD3-A0FC-2D58F51A8BDC}.Ad-Hoc|iPhoneSimulator.Deploy.0 = Release|Any CPU
		{803CB8F1-754C-4AD3-A0FC-2D58F51A8BDC}.Ad-Hoc|x64.ActiveCfg = Release|Any CPU
		{803CB8F1-754C-4AD3-A0FC-2D58F51A8BDC}.Ad-Hoc|x64.Build.0 = Release|Any CPU
		{803CB8F1-754C-4AD3-A0FC-2D58F51A8BDC}.Ad-Hoc|x64.Deploy.0 = Release|Any CPU
		{803CB8F1-754C-4AD3-A0FC-2D58F51A8BDC}.Ad-Hoc|x86.ActiveCfg = Release|Any CPU
		{803CB8F1-754C-4AD3-A0FC-2D58F51A8BDC}.Ad-Hoc|x86.Build.0 = Release|Any CPU
		{803CB8F1-754C-4AD3-A0FC-2D58F51A8BDC}.Ad-Hoc|x86.Deploy.0 = Release|Any CPU
		{803CB8F1-754C-4AD3-A0FC-2D58F51A8BDC}.AppStore|Any CPU.ActiveCfg = Release|Any CPU
		{803CB8F1-754C-4AD3-A0FC-2D58F51A8BDC}.AppStore|Any CPU.Build.0 = Release|Any CPU
		{803CB8F1-754C-4AD3-A0FC-2D58F51A8BDC}.AppStore|Any CPU.Deploy.0 = Release|Any CPU
		{803CB8F1-754C-4AD3-A0FC-2D58F51A8BDC}.AppStore|ARM.ActiveCfg = Release|Any CPU
		{803CB8F1-754C-4AD3-A0FC-2D58F51A8BDC}.AppStore|ARM.Build.0 = Release|Any CPU
		{803CB8F1-754C-4AD3-A0FC-2D58F51A8BDC}.AppStore|ARM.Deploy.0 = Release|Any CPU
		{803CB8F1-754C-4AD3-A0FC-2D58F51A8BDC}.AppStore|iPhone.ActiveCfg = Release|Any CPU
		{803CB8F1-754C-4AD3-A0FC-2D58F51A8BDC}.AppStore|iPhone.Build.0 = Release|Any CPU
		{803CB8F1-754C-4AD3-A0FC-2D58F51A8BDC}.AppStore|iPhone.Deploy.0 = Release|Any CPU
		{803CB8F1-754C-4AD3-A0FC-2D58F51A8BDC}.AppStore|iPhoneSimulator.ActiveCfg = Release|Any CPU
		{803CB8F1-754C-4AD3-A0FC-2D58F51A8BDC}.AppStore|iPhoneSimulator.Build.0 = Release|Any CPU
		{803CB8F1-754C-4AD3-A0FC-2D58F51A8BDC}.AppStore|iPhoneSimulator.Deploy.0 = Release|Any CPU
		{803CB8F1-754C-4AD3-A0FC-2D58F51A8BDC}.AppStore|x64.ActiveCfg = Release|Any CPU
		{803CB8F1-754C-4AD3-A0FC-2D58F51A8BDC}.AppStore|x64.Build.0 = Release|Any CPU
		{803CB8F1-754C-4AD3-A0FC-2D58F51A8BDC}.AppStore|x64.Deploy.0 = Release|Any CPU
		{803CB8F1-754C-4AD3-A0FC-2D58F51A8BDC}.AppStore|x86.ActiveCfg = Release|Any CPU
		{803CB8F1-754C-4AD3-A0FC-2D58F51A8BDC}.AppStore|x86.Build.0 = Release|Any CPU
		{803CB8F1-754C-4AD3-A0FC-2D58F51A8BDC}.AppStore|x86.Deploy.0 = Release|Any CPU
		{803CB8F1-754C-4AD3-A0FC-2D58F51A8BDC}.Debug|Any CPU.ActiveCfg = Debug|Any CPU
		{803CB8F1-754C-4AD3-A0FC-2D58F51A8BDC}.Debug|Any CPU.Build.0 = Debug|Any CPU
		{803CB8F1-754C-4AD3-A0FC-2D58F51A8BDC}.Debug|Any CPU.Deploy.0 = Debug|Any CPU
		{803CB8F1-754C-4AD3-A0FC-2D58F51A8BDC}.Debug|ARM.ActiveCfg = Debug|Any CPU
		{803CB8F1-754C-4AD3-A0FC-2D58F51A8BDC}.Debug|ARM.Build.0 = Debug|Any CPU
		{803CB8F1-754C-4AD3-A0FC-2D58F51A8BDC}.Debug|ARM.Deploy.0 = Debug|Any CPU
		{803CB8F1-754C-4AD3-A0FC-2D58F51A8BDC}.Debug|iPhone.ActiveCfg = Debug|Any CPU
		{803CB8F1-754C-4AD3-A0FC-2D58F51A8BDC}.Debug|iPhone.Build.0 = Debug|Any CPU
		{803CB8F1-754C-4AD3-A0FC-2D58F51A8BDC}.Debug|iPhone.Deploy.0 = Debug|Any CPU
		{803CB8F1-754C-4AD3-A0FC-2D58F51A8BDC}.Debug|iPhoneSimulator.ActiveCfg = Debug|Any CPU
		{803CB8F1-754C-4AD3-A0FC-2D58F51A8BDC}.Debug|iPhoneSimulator.Build.0 = Debug|Any CPU
		{803CB8F1-754C-4AD3-A0FC-2D58F51A8BDC}.Debug|iPhoneSimulator.Deploy.0 = Debug|Any CPU
		{803CB8F1-754C-4AD3-A0FC-2D58F51A8BDC}.Debug|x64.ActiveCfg = Debug|Any CPU
		{803CB8F1-754C-4AD3-A0FC-2D58F51A8BDC}.Debug|x64.Build.0 = Debug|Any CPU
		{803CB8F1-754C-4AD3-A0FC-2D58F51A8BDC}.Debug|x64.Deploy.0 = Debug|Any CPU
		{803CB8F1-754C-4AD3-A0FC-2D58F51A8BDC}.Debug|x86.ActiveCfg = Debug|Any CPU
		{803CB8F1-754C-4AD3-A0FC-2D58F51A8BDC}.Debug|x86.Build.0 = Debug|Any CPU
		{803CB8F1-754C-4AD3-A0FC-2D58F51A8BDC}.Debug|x86.Deploy.0 = Debug|Any CPU
		{803CB8F1-754C-4AD3-A0FC-2D58F51A8BDC}.Release|Any CPU.ActiveCfg = Release|Any CPU
		{803CB8F1-754C-4AD3-A0FC-2D58F51A8BDC}.Release|Any CPU.Build.0 = Release|Any CPU
		{803CB8F1-754C-4AD3-A0FC-2D58F51A8BDC}.Release|Any CPU.Deploy.0 = Release|Any CPU
		{803CB8F1-754C-4AD3-A0FC-2D58F51A8BDC}.Release|ARM.ActiveCfg = Release|Any CPU
		{803CB8F1-754C-4AD3-A0FC-2D58F51A8BDC}.Release|ARM.Build.0 = Release|Any CPU
		{803CB8F1-754C-4AD3-A0FC-2D58F51A8BDC}.Release|ARM.Deploy.0 = Release|Any CPU
		{803CB8F1-754C-4AD3-A0FC-2D58F51A8BDC}.Release|iPhone.ActiveCfg = Release|Any CPU
		{803CB8F1-754C-4AD3-A0FC-2D58F51A8BDC}.Release|iPhone.Build.0 = Release|Any CPU
		{803CB8F1-754C-4AD3-A0FC-2D58F51A8BDC}.Release|iPhone.Deploy.0 = Release|Any CPU
		{803CB8F1-754C-4AD3-A0FC-2D58F51A8BDC}.Release|iPhoneSimulator.ActiveCfg = Release|Any CPU
		{803CB8F1-754C-4AD3-A0FC-2D58F51A8BDC}.Release|iPhoneSimulator.Build.0 = Release|Any CPU
		{803CB8F1-754C-4AD3-A0FC-2D58F51A8BDC}.Release|iPhoneSimulator.Deploy.0 = Release|Any CPU
		{803CB8F1-754C-4AD3-A0FC-2D58F51A8BDC}.Release|x64.ActiveCfg = Release|Any CPU
		{803CB8F1-754C-4AD3-A0FC-2D58F51A8BDC}.Release|x64.Build.0 = Release|Any CPU
		{803CB8F1-754C-4AD3-A0FC-2D58F51A8BDC}.Release|x64.Deploy.0 = Release|Any CPU
		{803CB8F1-754C-4AD3-A0FC-2D58F51A8BDC}.Release|x86.ActiveCfg = Release|Any CPU
		{803CB8F1-754C-4AD3-A0FC-2D58F51A8BDC}.Release|x86.Build.0 = Release|Any CPU
		{803CB8F1-754C-4AD3-A0FC-2D58F51A8BDC}.Release|x86.Deploy.0 = Release|Any CPU
		{8E3FCEE3-D982-4EE5-992D-716FF606B3B1}.Ad-Hoc|Any CPU.ActiveCfg = Ad-Hoc|iPhone
		{8E3FCEE3-D982-4EE5-992D-716FF606B3B1}.Ad-Hoc|Any CPU.Build.0 = Ad-Hoc|iPhone
		{8E3FCEE3-D982-4EE5-992D-716FF606B3B1}.Ad-Hoc|Any CPU.Deploy.0 = Ad-Hoc|iPhone
		{8E3FCEE3-D982-4EE5-992D-716FF606B3B1}.Ad-Hoc|ARM.ActiveCfg = Ad-Hoc|iPhone
		{8E3FCEE3-D982-4EE5-992D-716FF606B3B1}.Ad-Hoc|ARM.Build.0 = Ad-Hoc|iPhone
		{8E3FCEE3-D982-4EE5-992D-716FF606B3B1}.Ad-Hoc|ARM.Deploy.0 = Ad-Hoc|iPhone
		{8E3FCEE3-D982-4EE5-992D-716FF606B3B1}.Ad-Hoc|iPhone.ActiveCfg = Ad-Hoc|iPhone
		{8E3FCEE3-D982-4EE5-992D-716FF606B3B1}.Ad-Hoc|iPhone.Build.0 = Ad-Hoc|iPhone
		{8E3FCEE3-D982-4EE5-992D-716FF606B3B1}.Ad-Hoc|iPhone.Deploy.0 = Ad-Hoc|iPhone
		{8E3FCEE3-D982-4EE5-992D-716FF606B3B1}.Ad-Hoc|iPhoneSimulator.ActiveCfg = Ad-Hoc|iPhoneSimulator
		{8E3FCEE3-D982-4EE5-992D-716FF606B3B1}.Ad-Hoc|iPhoneSimulator.Build.0 = Ad-Hoc|iPhoneSimulator
		{8E3FCEE3-D982-4EE5-992D-716FF606B3B1}.Ad-Hoc|iPhoneSimulator.Deploy.0 = Ad-Hoc|iPhoneSimulator
		{8E3FCEE3-D982-4EE5-992D-716FF606B3B1}.Ad-Hoc|x64.ActiveCfg = Ad-Hoc|iPhone
		{8E3FCEE3-D982-4EE5-992D-716FF606B3B1}.Ad-Hoc|x64.Build.0 = Ad-Hoc|iPhone
		{8E3FCEE3-D982-4EE5-992D-716FF606B3B1}.Ad-Hoc|x64.Deploy.0 = Ad-Hoc|iPhone
		{8E3FCEE3-D982-4EE5-992D-716FF606B3B1}.Ad-Hoc|x86.ActiveCfg = Ad-Hoc|iPhone
		{8E3FCEE3-D982-4EE5-992D-716FF606B3B1}.Ad-Hoc|x86.Build.0 = Ad-Hoc|iPhone
		{8E3FCEE3-D982-4EE5-992D-716FF606B3B1}.Ad-Hoc|x86.Deploy.0 = Ad-Hoc|iPhone
		{8E3FCEE3-D982-4EE5-992D-716FF606B3B1}.AppStore|Any CPU.ActiveCfg = AppStore|iPhone
		{8E3FCEE3-D982-4EE5-992D-716FF606B3B1}.AppStore|Any CPU.Build.0 = AppStore|iPhone
		{8E3FCEE3-D982-4EE5-992D-716FF606B3B1}.AppStore|Any CPU.Deploy.0 = AppStore|iPhone
		{8E3FCEE3-D982-4EE5-992D-716FF606B3B1}.AppStore|ARM.ActiveCfg = AppStore|iPhone
		{8E3FCEE3-D982-4EE5-992D-716FF606B3B1}.AppStore|ARM.Build.0 = AppStore|iPhone
		{8E3FCEE3-D982-4EE5-992D-716FF606B3B1}.AppStore|ARM.Deploy.0 = AppStore|iPhone
		{8E3FCEE3-D982-4EE5-992D-716FF606B3B1}.AppStore|iPhone.ActiveCfg = AppStore|iPhone
		{8E3FCEE3-D982-4EE5-992D-716FF606B3B1}.AppStore|iPhone.Build.0 = AppStore|iPhone
		{8E3FCEE3-D982-4EE5-992D-716FF606B3B1}.AppStore|iPhone.Deploy.0 = AppStore|iPhone
		{8E3FCEE3-D982-4EE5-992D-716FF606B3B1}.AppStore|iPhoneSimulator.ActiveCfg = AppStore|iPhoneSimulator
		{8E3FCEE3-D982-4EE5-992D-716FF606B3B1}.AppStore|iPhoneSimulator.Build.0 = AppStore|iPhoneSimulator
		{8E3FCEE3-D982-4EE5-992D-716FF606B3B1}.AppStore|iPhoneSimulator.Deploy.0 = AppStore|iPhoneSimulator
		{8E3FCEE3-D982-4EE5-992D-716FF606B3B1}.AppStore|x64.ActiveCfg = AppStore|iPhone
		{8E3FCEE3-D982-4EE5-992D-716FF606B3B1}.AppStore|x64.Build.0 = AppStore|iPhone
		{8E3FCEE3-D982-4EE5-992D-716FF606B3B1}.AppStore|x64.Deploy.0 = AppStore|iPhone
		{8E3FCEE3-D982-4EE5-992D-716FF606B3B1}.AppStore|x86.ActiveCfg = AppStore|iPhone
		{8E3FCEE3-D982-4EE5-992D-716FF606B3B1}.AppStore|x86.Build.0 = AppStore|iPhone
		{8E3FCEE3-D982-4EE5-992D-716FF606B3B1}.AppStore|x86.Deploy.0 = AppStore|iPhone
		{8E3FCEE3-D982-4EE5-992D-716FF606B3B1}.Debug|Any CPU.ActiveCfg = Debug|iPhoneSimulator
		{8E3FCEE3-D982-4EE5-992D-716FF606B3B1}.Debug|Any CPU.Build.0 = Debug|iPhoneSimulator
		{8E3FCEE3-D982-4EE5-992D-716FF606B3B1}.Debug|Any CPU.Deploy.0 = Debug|iPhoneSimulator
		{8E3FCEE3-D982-4EE5-992D-716FF606B3B1}.Debug|ARM.ActiveCfg = Debug|iPhone
		{8E3FCEE3-D982-4EE5-992D-716FF606B3B1}.Debug|ARM.Build.0 = Debug|iPhone
		{8E3FCEE3-D982-4EE5-992D-716FF606B3B1}.Debug|ARM.Deploy.0 = Debug|iPhone
		{8E3FCEE3-D982-4EE5-992D-716FF606B3B1}.Debug|iPhone.ActiveCfg = Debug|iPhone
		{8E3FCEE3-D982-4EE5-992D-716FF606B3B1}.Debug|iPhone.Build.0 = Debug|iPhone
		{8E3FCEE3-D982-4EE5-992D-716FF606B3B1}.Debug|iPhone.Deploy.0 = Debug|iPhone
		{8E3FCEE3-D982-4EE5-992D-716FF606B3B1}.Debug|iPhoneSimulator.ActiveCfg = Debug|iPhoneSimulator
		{8E3FCEE3-D982-4EE5-992D-716FF606B3B1}.Debug|iPhoneSimulator.Build.0 = Debug|iPhoneSimulator
		{8E3FCEE3-D982-4EE5-992D-716FF606B3B1}.Debug|iPhoneSimulator.Deploy.0 = Debug|iPhoneSimulator
		{8E3FCEE3-D982-4EE5-992D-716FF606B3B1}.Debug|x64.ActiveCfg = Debug|iPhone
		{8E3FCEE3-D982-4EE5-992D-716FF606B3B1}.Debug|x64.Build.0 = Debug|iPhone
		{8E3FCEE3-D982-4EE5-992D-716FF606B3B1}.Debug|x64.Deploy.0 = Debug|iPhone
		{8E3FCEE3-D982-4EE5-992D-716FF606B3B1}.Debug|x86.ActiveCfg = Debug|iPhone
		{8E3FCEE3-D982-4EE5-992D-716FF606B3B1}.Debug|x86.Build.0 = Debug|iPhone
		{8E3FCEE3-D982-4EE5-992D-716FF606B3B1}.Debug|x86.Deploy.0 = Debug|iPhone
		{8E3FCEE3-D982-4EE5-992D-716FF606B3B1}.Release|Any CPU.ActiveCfg = Release|iPhone
		{8E3FCEE3-D982-4EE5-992D-716FF606B3B1}.Release|Any CPU.Build.0 = Release|iPhone
		{8E3FCEE3-D982-4EE5-992D-716FF606B3B1}.Release|Any CPU.Deploy.0 = Release|iPhone
		{8E3FCEE3-D982-4EE5-992D-716FF606B3B1}.Release|ARM.ActiveCfg = Release|iPhone
		{8E3FCEE3-D982-4EE5-992D-716FF606B3B1}.Release|ARM.Build.0 = Release|iPhone
		{8E3FCEE3-D982-4EE5-992D-716FF606B3B1}.Release|ARM.Deploy.0 = Release|iPhone
		{8E3FCEE3-D982-4EE5-992D-716FF606B3B1}.Release|iPhone.ActiveCfg = Release|iPhone
		{8E3FCEE3-D982-4EE5-992D-716FF606B3B1}.Release|iPhone.Build.0 = Release|iPhone
		{8E3FCEE3-D982-4EE5-992D-716FF606B3B1}.Release|iPhone.Deploy.0 = Release|iPhone
		{8E3FCEE3-D982-4EE5-992D-716FF606B3B1}.Release|iPhoneSimulator.ActiveCfg = Release|iPhoneSimulator
		{8E3FCEE3-D982-4EE5-992D-716FF606B3B1}.Release|iPhoneSimulator.Build.0 = Release|iPhoneSimulator
		{8E3FCEE3-D982-4EE5-992D-716FF606B3B1}.Release|iPhoneSimulator.Deploy.0 = Release|iPhoneSimulator
		{8E3FCEE3-D982-4EE5-992D-716FF606B3B1}.Release|x64.ActiveCfg = Release|iPhone
		{8E3FCEE3-D982-4EE5-992D-716FF606B3B1}.Release|x64.Build.0 = Release|iPhone
		{8E3FCEE3-D982-4EE5-992D-716FF606B3B1}.Release|x64.Deploy.0 = Release|iPhone
		{8E3FCEE3-D982-4EE5-992D-716FF606B3B1}.Release|x86.ActiveCfg = Release|iPhone
		{8E3FCEE3-D982-4EE5-992D-716FF606B3B1}.Release|x86.Build.0 = Release|iPhone
		{8E3FCEE3-D982-4EE5-992D-716FF606B3B1}.Release|x86.Deploy.0 = Release|iPhone
		{D9334158-93E1-4D7A-A80D-9807035BD6B9}.Ad-Hoc|Any CPU.ActiveCfg = Release|x86
		{D9334158-93E1-4D7A-A80D-9807035BD6B9}.Ad-Hoc|Any CPU.Build.0 = Release|x86
		{D9334158-93E1-4D7A-A80D-9807035BD6B9}.Ad-Hoc|Any CPU.Deploy.0 = Release|x86
		{D9334158-93E1-4D7A-A80D-9807035BD6B9}.Ad-Hoc|ARM.ActiveCfg = Release|ARM
		{D9334158-93E1-4D7A-A80D-9807035BD6B9}.Ad-Hoc|ARM.Build.0 = Release|ARM
		{D9334158-93E1-4D7A-A80D-9807035BD6B9}.Ad-Hoc|ARM.Deploy.0 = Release|ARM
		{D9334158-93E1-4D7A-A80D-9807035BD6B9}.Ad-Hoc|iPhone.ActiveCfg = Release|x86
		{D9334158-93E1-4D7A-A80D-9807035BD6B9}.Ad-Hoc|iPhone.Build.0 = Release|x86
		{D9334158-93E1-4D7A-A80D-9807035BD6B9}.Ad-Hoc|iPhone.Deploy.0 = Release|x86
		{D9334158-93E1-4D7A-A80D-9807035BD6B9}.Ad-Hoc|iPhoneSimulator.ActiveCfg = Release|x86
		{D9334158-93E1-4D7A-A80D-9807035BD6B9}.Ad-Hoc|iPhoneSimulator.Build.0 = Release|x86
		{D9334158-93E1-4D7A-A80D-9807035BD6B9}.Ad-Hoc|iPhoneSimulator.Deploy.0 = Release|x86
		{D9334158-93E1-4D7A-A80D-9807035BD6B9}.Ad-Hoc|x64.ActiveCfg = Release|x64
		{D9334158-93E1-4D7A-A80D-9807035BD6B9}.Ad-Hoc|x64.Build.0 = Release|x64
		{D9334158-93E1-4D7A-A80D-9807035BD6B9}.Ad-Hoc|x64.Deploy.0 = Release|x64
		{D9334158-93E1-4D7A-A80D-9807035BD6B9}.Ad-Hoc|x86.ActiveCfg = Release|x86
		{D9334158-93E1-4D7A-A80D-9807035BD6B9}.Ad-Hoc|x86.Build.0 = Release|x86
		{D9334158-93E1-4D7A-A80D-9807035BD6B9}.Ad-Hoc|x86.Deploy.0 = Release|x86
		{D9334158-93E1-4D7A-A80D-9807035BD6B9}.AppStore|Any CPU.ActiveCfg = Release|x86
		{D9334158-93E1-4D7A-A80D-9807035BD6B9}.AppStore|Any CPU.Build.0 = Release|x86
		{D9334158-93E1-4D7A-A80D-9807035BD6B9}.AppStore|Any CPU.Deploy.0 = Release|x86
		{D9334158-93E1-4D7A-A80D-9807035BD6B9}.AppStore|ARM.ActiveCfg = Release|ARM
		{D9334158-93E1-4D7A-A80D-9807035BD6B9}.AppStore|ARM.Build.0 = Release|ARM
		{D9334158-93E1-4D7A-A80D-9807035BD6B9}.AppStore|ARM.Deploy.0 = Release|ARM
		{D9334158-93E1-4D7A-A80D-9807035BD6B9}.AppStore|iPhone.ActiveCfg = Release|x86
		{D9334158-93E1-4D7A-A80D-9807035BD6B9}.AppStore|iPhone.Build.0 = Release|x86
		{D9334158-93E1-4D7A-A80D-9807035BD6B9}.AppStore|iPhone.Deploy.0 = Release|x86
		{D9334158-93E1-4D7A-A80D-9807035BD6B9}.AppStore|iPhoneSimulator.ActiveCfg = Release|x86
		{D9334158-93E1-4D7A-A80D-9807035BD6B9}.AppStore|iPhoneSimulator.Build.0 = Release|x86
		{D9334158-93E1-4D7A-A80D-9807035BD6B9}.AppStore|iPhoneSimulator.Deploy.0 = Release|x86
		{D9334158-93E1-4D7A-A80D-9807035BD6B9}.AppStore|x64.ActiveCfg = Release|x64
		{D9334158-93E1-4D7A-A80D-9807035BD6B9}.AppStore|x64.Build.0 = Release|x64
		{D9334158-93E1-4D7A-A80D-9807035BD6B9}.AppStore|x64.Deploy.0 = Release|x64
		{D9334158-93E1-4D7A-A80D-9807035BD6B9}.AppStore|x86.ActiveCfg = Release|x86
		{D9334158-93E1-4D7A-A80D-9807035BD6B9}.AppStore|x86.Build.0 = Release|x86
		{D9334158-93E1-4D7A-A80D-9807035BD6B9}.AppStore|x86.Deploy.0 = Release|x86
		{D9334158-93E1-4D7A-A80D-9807035BD6B9}.Debug|Any CPU.ActiveCfg = Debug|x86
		{D9334158-93E1-4D7A-A80D-9807035BD6B9}.Debug|Any CPU.Build.0 = Debug|x86
		{D9334158-93E1-4D7A-A80D-9807035BD6B9}.Debug|Any CPU.Deploy.0 = Debug|x86
		{D9334158-93E1-4D7A-A80D-9807035BD6B9}.Debug|ARM.ActiveCfg = Debug|ARM
		{D9334158-93E1-4D7A-A80D-9807035BD6B9}.Debug|ARM.Build.0 = Debug|ARM
		{D9334158-93E1-4D7A-A80D-9807035BD6B9}.Debug|ARM.Deploy.0 = Debug|ARM
		{D9334158-93E1-4D7A-A80D-9807035BD6B9}.Debug|iPhone.ActiveCfg = Debug|x86
		{D9334158-93E1-4D7A-A80D-9807035BD6B9}.Debug|iPhone.Build.0 = Debug|x86
		{D9334158-93E1-4D7A-A80D-9807035BD6B9}.Debug|iPhone.Deploy.0 = Debug|x86
		{D9334158-93E1-4D7A-A80D-9807035BD6B9}.Debug|iPhoneSimulator.ActiveCfg = Debug|x86
		{D9334158-93E1-4D7A-A80D-9807035BD6B9}.Debug|iPhoneSimulator.Build.0 = Debug|x86
		{D9334158-93E1-4D7A-A80D-9807035BD6B9}.Debug|iPhoneSimulator.Deploy.0 = Debug|x86
		{D9334158-93E1-4D7A-A80D-9807035BD6B9}.Debug|x64.ActiveCfg = Debug|x64
		{D9334158-93E1-4D7A-A80D-9807035BD6B9}.Debug|x64.Build.0 = Debug|x64
		{D9334158-93E1-4D7A-A80D-9807035BD6B9}.Debug|x64.Deploy.0 = Debug|x64
		{D9334158-93E1-4D7A-A80D-9807035BD6B9}.Debug|x86.ActiveCfg = Debug|x86
		{D9334158-93E1-4D7A-A80D-9807035BD6B9}.Debug|x86.Build.0 = Debug|x86
		{D9334158-93E1-4D7A-A80D-9807035BD6B9}.Debug|x86.Deploy.0 = Debug|x86
		{D9334158-93E1-4D7A-A80D-9807035BD6B9}.Release|Any CPU.ActiveCfg = Release|x86
		{D9334158-93E1-4D7A-A80D-9807035BD6B9}.Release|Any CPU.Build.0 = Release|x86
		{D9334158-93E1-4D7A-A80D-9807035BD6B9}.Release|Any CPU.Deploy.0 = Release|x86
		{D9334158-93E1-4D7A-A80D-9807035BD6B9}.Release|ARM.ActiveCfg = Release|ARM
		{D9334158-93E1-4D7A-A80D-9807035BD6B9}.Release|ARM.Build.0 = Release|ARM
		{D9334158-93E1-4D7A-A80D-9807035BD6B9}.Release|ARM.Deploy.0 = Release|ARM
		{D9334158-93E1-4D7A-A80D-9807035BD6B9}.Release|iPhone.ActiveCfg = Release|x86
		{D9334158-93E1-4D7A-A80D-9807035BD6B9}.Release|iPhone.Build.0 = Release|x86
		{D9334158-93E1-4D7A-A80D-9807035BD6B9}.Release|iPhone.Deploy.0 = Release|x86
		{D9334158-93E1-4D7A-A80D-9807035BD6B9}.Release|iPhoneSimulator.ActiveCfg = Release|x86
		{D9334158-93E1-4D7A-A80D-9807035BD6B9}.Release|iPhoneSimulator.Build.0 = Release|x86
		{D9334158-93E1-4D7A-A80D-9807035BD6B9}.Release|iPhoneSimulator.Deploy.0 = Release|x86
		{D9334158-93E1-4D7A-A80D-9807035BD6B9}.Release|x64.ActiveCfg = Release|x64
		{D9334158-93E1-4D7A-A80D-9807035BD6B9}.Release|x64.Build.0 = Release|x64
		{D9334158-93E1-4D7A-A80D-9807035BD6B9}.Release|x64.Deploy.0 = Release|x64
		{D9334158-93E1-4D7A-A80D-9807035BD6B9}.Release|x86.ActiveCfg = Release|x86
		{D9334158-93E1-4D7A-A80D-9807035BD6B9}.Release|x86.Build.0 = Release|x86
		{D9334158-93E1-4D7A-A80D-9807035BD6B9}.Release|x86.Deploy.0 = Release|x86
		{E9E4A838-86D6-468C-B2E4-94F933B75D51}.Ad-Hoc|Any CPU.ActiveCfg = Debug|Any CPU
		{E9E4A838-86D6-468C-B2E4-94F933B75D51}.Ad-Hoc|Any CPU.Build.0 = Debug|Any CPU
		{E9E4A838-86D6-468C-B2E4-94F933B75D51}.Ad-Hoc|Any CPU.Deploy.0 = Debug|Any CPU
		{E9E4A838-86D6-468C-B2E4-94F933B75D51}.Ad-Hoc|ARM.ActiveCfg = Debug|Any CPU
		{E9E4A838-86D6-468C-B2E4-94F933B75D51}.Ad-Hoc|ARM.Build.0 = Debug|Any CPU
		{E9E4A838-86D6-468C-B2E4-94F933B75D51}.Ad-Hoc|ARM.Deploy.0 = Debug|Any CPU
		{E9E4A838-86D6-468C-B2E4-94F933B75D51}.Ad-Hoc|iPhone.ActiveCfg = Debug|Any CPU
		{E9E4A838-86D6-468C-B2E4-94F933B75D51}.Ad-Hoc|iPhone.Build.0 = Debug|Any CPU
		{E9E4A838-86D6-468C-B2E4-94F933B75D51}.Ad-Hoc|iPhone.Deploy.0 = Debug|Any CPU
		{E9E4A838-86D6-468C-B2E4-94F933B75D51}.Ad-Hoc|iPhoneSimulator.ActiveCfg = Debug|Any CPU
		{E9E4A838-86D6-468C-B2E4-94F933B75D51}.Ad-Hoc|iPhoneSimulator.Build.0 = Debug|Any CPU
		{E9E4A838-86D6-468C-B2E4-94F933B75D51}.Ad-Hoc|iPhoneSimulator.Deploy.0 = Debug|Any CPU
		{E9E4A838-86D6-468C-B2E4-94F933B75D51}.Ad-Hoc|x64.ActiveCfg = Debug|Any CPU
		{E9E4A838-86D6-468C-B2E4-94F933B75D51}.Ad-Hoc|x64.Build.0 = Debug|Any CPU
		{E9E4A838-86D6-468C-B2E4-94F933B75D51}.Ad-Hoc|x64.Deploy.0 = Debug|Any CPU
		{E9E4A838-86D6-468C-B2E4-94F933B75D51}.Ad-Hoc|x86.ActiveCfg = Debug|Any CPU
		{E9E4A838-86D6-468C-B2E4-94F933B75D51}.Ad-Hoc|x86.Build.0 = Debug|Any CPU
		{E9E4A838-86D6-468C-B2E4-94F933B75D51}.Ad-Hoc|x86.Deploy.0 = Debug|Any CPU
		{E9E4A838-86D6-468C-B2E4-94F933B75D51}.AppStore|Any CPU.ActiveCfg = Debug|Any CPU
		{E9E4A838-86D6-468C-B2E4-94F933B75D51}.AppStore|Any CPU.Build.0 = Debug|Any CPU
		{E9E4A838-86D6-468C-B2E4-94F933B75D51}.AppStore|Any CPU.Deploy.0 = Debug|Any CPU
		{E9E4A838-86D6-468C-B2E4-94F933B75D51}.AppStore|ARM.ActiveCfg = Debug|Any CPU
		{E9E4A838-86D6-468C-B2E4-94F933B75D51}.AppStore|ARM.Build.0 = Debug|Any CPU
		{E9E4A838-86D6-468C-B2E4-94F933B75D51}.AppStore|ARM.Deploy.0 = Debug|Any CPU
		{E9E4A838-86D6-468C-B2E4-94F933B75D51}.AppStore|iPhone.ActiveCfg = Debug|Any CPU
		{E9E4A838-86D6-468C-B2E4-94F933B75D51}.AppStore|iPhone.Build.0 = Debug|Any CPU
		{E9E4A838-86D6-468C-B2E4-94F933B75D51}.AppStore|iPhone.Deploy.0 = Debug|Any CPU
		{E9E4A838-86D6-468C-B2E4-94F933B75D51}.AppStore|iPhoneSimulator.ActiveCfg = Debug|Any CPU
		{E9E4A838-86D6-468C-B2E4-94F933B75D51}.AppStore|iPhoneSimulator.Build.0 = Debug|Any CPU
		{E9E4A838-86D6-468C-B2E4-94F933B75D51}.AppStore|iPhoneSimulator.Deploy.0 = Debug|Any CPU
		{E9E4A838-86D6-468C-B2E4-94F933B75D51}.AppStore|x64.ActiveCfg = Debug|Any CPU
		{E9E4A838-86D6-468C-B2E4-94F933B75D51}.AppStore|x64.Build.0 = Debug|Any CPU
		{E9E4A838-86D6-468C-B2E4-94F933B75D51}.AppStore|x64.Deploy.0 = Debug|Any CPU
		{E9E4A838-86D6-468C-B2E4-94F933B75D51}.AppStore|x86.ActiveCfg = Debug|Any CPU
		{E9E4A838-86D6-468C-B2E4-94F933B75D51}.AppStore|x86.Build.0 = Debug|Any CPU
		{E9E4A838-86D6-468C-B2E4-94F933B75D51}.AppStore|x86.Deploy.0 = Debug|Any CPU
		{E9E4A838-86D6-468C-B2E4-94F933B75D51}.Debug|Any CPU.ActiveCfg = Debug|Any CPU
		{E9E4A838-86D6-468C-B2E4-94F933B75D51}.Debug|Any CPU.Build.0 = Debug|Any CPU
		{E9E4A838-86D6-468C-B2E4-94F933B75D51}.Debug|Any CPU.Deploy.0 = Debug|Any CPU
		{E9E4A838-86D6-468C-B2E4-94F933B75D51}.Debug|ARM.ActiveCfg = Debug|Any CPU
		{E9E4A838-86D6-468C-B2E4-94F933B75D51}.Debug|ARM.Build.0 = Debug|Any CPU
		{E9E4A838-86D6-468C-B2E4-94F933B75D51}.Debug|ARM.Deploy.0 = Debug|Any CPU
		{E9E4A838-86D6-468C-B2E4-94F933B75D51}.Debug|iPhone.ActiveCfg = Debug|Any CPU
		{E9E4A838-86D6-468C-B2E4-94F933B75D51}.Debug|iPhone.Build.0 = Debug|Any CPU
		{E9E4A838-86D6-468C-B2E4-94F933B75D51}.Debug|iPhone.Deploy.0 = Debug|Any CPU
		{E9E4A838-86D6-468C-B2E4-94F933B75D51}.Debug|iPhoneSimulator.ActiveCfg = Debug|Any CPU
		{E9E4A838-86D6-468C-B2E4-94F933B75D51}.Debug|iPhoneSimulator.Build.0 = Debug|Any CPU
		{E9E4A838-86D6-468C-B2E4-94F933B75D51}.Debug|iPhoneSimulator.Deploy.0 = Debug|Any CPU
		{E9E4A838-86D6-468C-B2E4-94F933B75D51}.Debug|x64.ActiveCfg = Debug|Any CPU
		{E9E4A838-86D6-468C-B2E4-94F933B75D51}.Debug|x64.Build.0 = Debug|Any CPU
		{E9E4A838-86D6-468C-B2E4-94F933B75D51}.Debug|x64.Deploy.0 = Debug|Any CPU
		{E9E4A838-86D6-468C-B2E4-94F933B75D51}.Debug|x86.ActiveCfg = Debug|Any CPU
		{E9E4A838-86D6-468C-B2E4-94F933B75D51}.Debug|x86.Build.0 = Debug|Any CPU
		{E9E4A838-86D6-468C-B2E4-94F933B75D51}.Debug|x86.Deploy.0 = Debug|Any CPU
		{E9E4A838-86D6-468C-B2E4-94F933B75D51}.Release|Any CPU.ActiveCfg = Release|Any CPU
		{E9E4A838-86D6-468C-B2E4-94F933B75D51}.Release|Any CPU.Build.0 = Release|Any CPU
		{E9E4A838-86D6-468C-B2E4-94F933B75D51}.Release|Any CPU.Deploy.0 = Release|Any CPU
		{E9E4A838-86D6-468C-B2E4-94F933B75D51}.Release|ARM.ActiveCfg = Release|Any CPU
		{E9E4A838-86D6-468C-B2E4-94F933B75D51}.Release|ARM.Build.0 = Release|Any CPU
		{E9E4A838-86D6-468C-B2E4-94F933B75D51}.Release|ARM.Deploy.0 = Release|Any CPU
		{E9E4A838-86D6-468C-B2E4-94F933B75D51}.Release|iPhone.ActiveCfg = Release|Any CPU
		{E9E4A838-86D6-468C-B2E4-94F933B75D51}.Release|iPhone.Build.0 = Release|Any CPU
		{E9E4A838-86D6-468C-B2E4-94F933B75D51}.Release|iPhone.Deploy.0 = Release|Any CPU
		{E9E4A838-86D6-468C-B2E4-94F933B75D51}.Release|iPhoneSimulator.ActiveCfg = Release|Any CPU
		{E9E4A838-86D6-468C-B2E4-94F933B75D51}.Release|iPhoneSimulator.Build.0 = Release|Any CPU
		{E9E4A838-86D6-468C-B2E4-94F933B75D51}.Release|iPhoneSimulator.Deploy.0 = Release|Any CPU
		{E9E4A838-86D6-468C-B2E4-94F933B75D51}.Release|x64.ActiveCfg = Release|Any CPU
		{E9E4A838-86D6-468C-B2E4-94F933B75D51}.Release|x64.Build.0 = Release|Any CPU
		{E9E4A838-86D6-468C-B2E4-94F933B75D51}.Release|x64.Deploy.0 = Release|Any CPU
		{E9E4A838-86D6-468C-B2E4-94F933B75D51}.Release|x86.ActiveCfg = Release|Any CPU
		{E9E4A838-86D6-468C-B2E4-94F933B75D51}.Release|x86.Build.0 = Release|Any CPU
		{E9E4A838-86D6-468C-B2E4-94F933B75D51}.Release|x86.Deploy.0 = Release|Any CPU
	EndGlobalSection
	GlobalSection(SolutionProperties) = preSolution
		HideSolutionNode = FALSE
	EndGlobalSection
	GlobalSection(ExtensibilityGlobals) = postSolution
		SolutionGuid = {A1C7F32B-1135-4F9A-8E78-CDF71F556AB9}
	EndGlobalSection
EndGlobal
